// !$*UTF8*$!
{
	archiveVersion = 1;
	classes = {
	};
	objectVersion = 50;
	objects = {

/* Begin PBXBuildFile section */
		96AD76AA22631659003A0D2A /* AppDelegate.m in Sources */ = {isa = PBXBuildFile; fileRef = 96AD76A922631659003A0D2A /* AppDelegate.m */; };
		96AD76B22263165C003A0D2A /* Assets.xcassets in Resources */ = {isa = PBXBuildFile; fileRef = 96AD76B12263165C003A0D2A /* Assets.xcassets */; };
		96AD76B52263165C003A0D2A /* LaunchScreen.storyboard in Resources */ = {isa = PBXBuildFile; fileRef = 96AD76B32263165C003A0D2A /* LaunchScreen.storyboard */; };
		96AD76B82263165C003A0D2A /* main.m in Sources */ = {isa = PBXBuildFile; fileRef = 96AD76B72263165C003A0D2A /* main.m */; };
		96AD76C0226317D3003A0D2A /* HomeKit.framework in Frameworks */ = {isa = PBXBuildFile; fileRef = 96AD76BF226317D3003A0D2A /* HomeKit.framework */; };
		96AD773422671305003A0D2A /* GOTHICB.TTF in Resources */ = {isa = PBXBuildFile; fileRef = 96AD773022671304003A0D2A /* GOTHICB.TTF */; };
		96AD773522671305003A0D2A /* GOTHIC.TTF in Resources */ = {isa = PBXBuildFile; fileRef = 96AD773122671304003A0D2A /* GOTHIC.TTF */; };
		96AD773622671305003A0D2A /* GOTHICI.TTF in Resources */ = {isa = PBXBuildFile; fileRef = 96AD773222671304003A0D2A /* GOTHICI.TTF */; };
		96AD773A22671BE0003A0D2A /* Nunito-Italic.ttf in Resources */ = {isa = PBXBuildFile; fileRef = 96AD773722671BE0003A0D2A /* Nunito-Italic.ttf */; };
		96AD773B22671BE0003A0D2A /* Nunito-Bold.ttf in Resources */ = {isa = PBXBuildFile; fileRef = 96AD773822671BE0003A0D2A /* Nunito-Bold.ttf */; };
		96AD773C22671BE0003A0D2A /* Nunito-Regular.ttf in Resources */ = {isa = PBXBuildFile; fileRef = 96AD773922671BE0003A0D2A /* Nunito-Regular.ttf */; };
		96B47DF72281B9EC00AFAF32 /* SMCollectionViewCell.m in Sources */ = {isa = PBXBuildFile; fileRef = 96B47DF62281B9EC00AFAF32 /* SMCollectionViewCell.m */; };
		96E04D0A227F0AC0002DE8F2 /* NSLayoutConstraint+MASDebugAdditions.m in Sources */ = {isa = PBXBuildFile; fileRef = 96E04CF2227F0AC0002DE8F2 /* NSLayoutConstraint+MASDebugAdditions.m */; };
		96E04D0B227F0AC0002DE8F2 /* ViewController+MASAdditions.m in Sources */ = {isa = PBXBuildFile; fileRef = 96E04CFB227F0AC0002DE8F2 /* ViewController+MASAdditions.m */; };
		96E04D0C227F0AC0002DE8F2 /* MASCompositeConstraint.m in Sources */ = {isa = PBXBuildFile; fileRef = 96E04CFF227F0AC0002DE8F2 /* MASCompositeConstraint.m */; };
		96E04D0D227F0AC0002DE8F2 /* MASConstraintMaker.m in Sources */ = {isa = PBXBuildFile; fileRef = 96E04D00227F0AC0002DE8F2 /* MASConstraintMaker.m */; };
		96E04D0E227F0AC0002DE8F2 /* MASLayoutConstraint.m in Sources */ = {isa = PBXBuildFile; fileRef = 96E04D01227F0AC0002DE8F2 /* MASLayoutConstraint.m */; };
		96E04D0F227F0AC0002DE8F2 /* NSArray+MASAdditions.m in Sources */ = {isa = PBXBuildFile; fileRef = 96E04D02227F0AC0002DE8F2 /* NSArray+MASAdditions.m */; };
		96E04D10227F0AC0002DE8F2 /* View+MASAdditions.m in Sources */ = {isa = PBXBuildFile; fileRef = 96E04D03227F0AC0002DE8F2 /* View+MASAdditions.m */; };
		96E04D11227F0AC0002DE8F2 /* MASConstraint.m in Sources */ = {isa = PBXBuildFile; fileRef = 96E04D06227F0AC0002DE8F2 /* MASConstraint.m */; };
		96E04D12227F0AC0002DE8F2 /* MASViewConstraint.m in Sources */ = {isa = PBXBuildFile; fileRef = 96E04D08227F0AC0002DE8F2 /* MASViewConstraint.m */; };
		96E04D13227F0AC0002DE8F2 /* MASViewAttribute.m in Sources */ = {isa = PBXBuildFile; fileRef = 96E04D09227F0AC0002DE8F2 /* MASViewAttribute.m */; };
		96E04D1E227F0CF9002DE8F2 /* SMTableViewCell.m in Sources */ = {isa = PBXBuildFile; fileRef = 96E04D17227F0CF9002DE8F2 /* SMTableViewCell.m */; };
		96E04D1F227F0CF9002DE8F2 /* SMTableViewHeaderView.m in Sources */ = {isa = PBXBuildFile; fileRef = 96E04D19227F0CF9002DE8F2 /* SMTableViewHeaderView.m */; };
		96E04D20227F0CF9002DE8F2 /* SMAlertView.m in Sources */ = {isa = PBXBuildFile; fileRef = 96E04D1A227F0CF9002DE8F2 /* SMAlertView.m */; };
		96E04D21227F0CF9002DE8F2 /* SMButton.m in Sources */ = {isa = PBXBuildFile; fileRef = 96E04D1D227F0CF9002DE8F2 /* SMButton.m */; };
		96E04D25227F1400002DE8F2 /* UIView+Extention.m in Sources */ = {isa = PBXBuildFile; fileRef = 96E04D23227F1400002DE8F2 /* UIView+Extention.m */; };
		96E04D29227F1431002DE8F2 /* HMHomeManager+Share.m in Sources */ = {isa = PBXBuildFile; fileRef = 96E04D28227F1431002DE8F2 /* HMHomeManager+Share.m */; };
		96E04D37227F1468002DE8F2 /* SMAddAccessoryViewController.m in Sources */ = {isa = PBXBuildFile; fileRef = 96E04D2F227F1468002DE8F2 /* SMAddAccessoryViewController.m */; };
		96E04D39227F1468002DE8F2 /* SMServiceViewController.m in Sources */ = {isa = PBXBuildFile; fileRef = 96E04D31227F1468002DE8F2 /* SMServiceViewController.m */; };
		96E04D3A227F1468002DE8F2 /* SMAccessoryDetailViewController.m in Sources */ = {isa = PBXBuildFile; fileRef = 96E04D32227F1468002DE8F2 /* SMAccessoryDetailViewController.m */; };
		96E04D3B227F1468002DE8F2 /* SMHomeViewController.m in Sources */ = {isa = PBXBuildFile; fileRef = 96E04D35227F1468002DE8F2 /* SMHomeViewController.m */; };
		96E04D3E227F28F3002DE8F2 /* SMNotificationViewController.m in Sources */ = {isa = PBXBuildFile; fileRef = 96E04D3D227F28F3002DE8F2 /* SMNotificationViewController.m */; };
		96E04D41227F28FF002DE8F2 /* SMSettingViewController.m in Sources */ = {isa = PBXBuildFile; fileRef = 96E04D40227F28FF002DE8F2 /* SMSettingViewController.m */; };
/* End PBXBuildFile section */

/* Begin PBXFileReference section */
		96AD76A522631659003A0D2A /* SMAPP.app */ = {isa = PBXFileReference; explicitFileType = wrapper.application; includeInIndex = 0; path = SMAPP.app; sourceTree = BUILT_PRODUCTS_DIR; };
		96AD76A822631659003A0D2A /* AppDelegate.h */ = {isa = PBXFileReference; lastKnownFileType = sourcecode.c.h; path = AppDelegate.h; sourceTree = "<group>"; };
		96AD76A922631659003A0D2A /* AppDelegate.m */ = {isa = PBXFileReference; lastKnownFileType = sourcecode.c.objc; path = AppDelegate.m; sourceTree = "<group>"; };
		96AD76B12263165C003A0D2A /* Assets.xcassets */ = {isa = PBXFileReference; lastKnownFileType = folder.assetcatalog; path = Assets.xcassets; sourceTree = "<group>"; };
		96AD76B42263165C003A0D2A /* Base */ = {isa = PBXFileReference; lastKnownFileType = file.storyboard; name = Base; path = Base.lproj/LaunchScreen.storyboard; sourceTree = "<group>"; };
		96AD76B62263165C003A0D2A /* Info.plist */ = {isa = PBXFileReference; lastKnownFileType = text.plist.xml; path = Info.plist; sourceTree = "<group>"; };
		96AD76B72263165C003A0D2A /* main.m */ = {isa = PBXFileReference; lastKnownFileType = sourcecode.c.objc; path = main.m; sourceTree = "<group>"; };
		96AD76BF226317D3003A0D2A /* HomeKit.framework */ = {isa = PBXFileReference; lastKnownFileType = wrapper.framework; name = HomeKit.framework; path = System/Library/Frameworks/HomeKit.framework; sourceTree = SDKROOT; };
		96AD76C1226317D3003A0D2A /* SMAPP.entitlements */ = {isa = PBXFileReference; lastKnownFileType = text.plist.entitlements; path = SMAPP.entitlements; sourceTree = "<group>"; };
		96AD771622657316003A0D2A /* Const.h */ = {isa = PBXFileReference; lastKnownFileType = sourcecode.c.h; path = Const.h; sourceTree = "<group>"; };
		96AD773022671304003A0D2A /* GOTHICB.TTF */ = {isa = PBXFileReference; lastKnownFileType = file; path = GOTHICB.TTF; sourceTree = "<group>"; };
		96AD773122671304003A0D2A /* GOTHIC.TTF */ = {isa = PBXFileReference; lastKnownFileType = file; path = GOTHIC.TTF; sourceTree = "<group>"; };
		96AD773222671304003A0D2A /* GOTHICI.TTF */ = {isa = PBXFileReference; lastKnownFileType = file; path = GOTHICI.TTF; sourceTree = "<group>"; };
		96AD773722671BE0003A0D2A /* Nunito-Italic.ttf */ = {isa = PBXFileReference; lastKnownFileType = file; path = "Nunito-Italic.ttf"; sourceTree = "<group>"; };
		96AD773822671BE0003A0D2A /* Nunito-Bold.ttf */ = {isa = PBXFileReference; lastKnownFileType = file; path = "Nunito-Bold.ttf"; sourceTree = "<group>"; };
		96AD773922671BE0003A0D2A /* Nunito-Regular.ttf */ = {isa = PBXFileReference; lastKnownFileType = file; path = "Nunito-Regular.ttf"; sourceTree = "<group>"; };
		96B47DF52281B9EC00AFAF32 /* SMCollectionViewCell.h */ = {isa = PBXFileReference; lastKnownFileType = sourcecode.c.h; path = SMCollectionViewCell.h; sourceTree = "<group>"; };
		96B47DF62281B9EC00AFAF32 /* SMCollectionViewCell.m */ = {isa = PBXFileReference; lastKnownFileType = sourcecode.c.objc; path = SMCollectionViewCell.m; sourceTree = "<group>"; };
		96E04CF1227F0AC0002DE8F2 /* MASCompositeConstraint.h */ = {isa = PBXFileReference; fileEncoding = 4; lastKnownFileType = sourcecode.c.h; path = MASCompositeConstraint.h; sourceTree = "<group>"; };
		96E04CF2227F0AC0002DE8F2 /* NSLayoutConstraint+MASDebugAdditions.m */ = {isa = PBXFileReference; fileEncoding = 4; lastKnownFileType = sourcecode.c.objc; path = "NSLayoutConstraint+MASDebugAdditions.m"; sourceTree = "<group>"; };
		96E04CF3227F0AC0002DE8F2 /* MASConstraint+Private.h */ = {isa = PBXFileReference; fileEncoding = 4; lastKnownFileType = sourcecode.c.h; path = "MASConstraint+Private.h"; sourceTree = "<group>"; };
		96E04CF4227F0AC0002DE8F2 /* MASLayoutConstraint.h */ = {isa = PBXFileReference; fileEncoding = 4; lastKnownFileType = sourcecode.c.h; path = MASLayoutConstraint.h; sourceTree = "<group>"; };
		96E04CF5227F0AC0002DE8F2 /* NSArray+MASShorthandAdditions.h */ = {isa = PBXFileReference; fileEncoding = 4; lastKnownFileType = sourcecode.c.h; path = "NSArray+MASShorthandAdditions.h"; sourceTree = "<group>"; };
		96E04CF6227F0AC0002DE8F2 /* MASConstraintMaker.h */ = {isa = PBXFileReference; fileEncoding = 4; lastKnownFileType = sourcecode.c.h; path = MASConstraintMaker.h; sourceTree = "<group>"; };
		96E04CF7227F0AC0002DE8F2 /* View+MASAdditions.h */ = {isa = PBXFileReference; fileEncoding = 4; lastKnownFileType = sourcecode.c.h; path = "View+MASAdditions.h"; sourceTree = "<group>"; };
		96E04CF8227F0AC0002DE8F2 /* NSArray+MASAdditions.h */ = {isa = PBXFileReference; fileEncoding = 4; lastKnownFileType = sourcecode.c.h; path = "NSArray+MASAdditions.h"; sourceTree = "<group>"; };
		96E04CF9227F0AC0002DE8F2 /* MASUtilities.h */ = {isa = PBXFileReference; fileEncoding = 4; lastKnownFileType = sourcecode.c.h; path = MASUtilities.h; sourceTree = "<group>"; };
		96E04CFA227F0AC0002DE8F2 /* MASViewAttribute.h */ = {isa = PBXFileReference; fileEncoding = 4; lastKnownFileType = sourcecode.c.h; path = MASViewAttribute.h; sourceTree = "<group>"; };
		96E04CFB227F0AC0002DE8F2 /* ViewController+MASAdditions.m */ = {isa = PBXFileReference; fileEncoding = 4; lastKnownFileType = sourcecode.c.objc; path = "ViewController+MASAdditions.m"; sourceTree = "<group>"; };
		96E04CFC227F0AC0002DE8F2 /* MASViewConstraint.h */ = {isa = PBXFileReference; fileEncoding = 4; lastKnownFileType = sourcecode.c.h; path = MASViewConstraint.h; sourceTree = "<group>"; };
		96E04CFD227F0AC0002DE8F2 /* MASConstraint.h */ = {isa = PBXFileReference; fileEncoding = 4; lastKnownFileType = sourcecode.c.h; path = MASConstraint.h; sourceTree = "<group>"; };
		96E04CFE227F0AC0002DE8F2 /* NSLayoutConstraint+MASDebugAdditions.h */ = {isa = PBXFileReference; fileEncoding = 4; lastKnownFileType = sourcecode.c.h; path = "NSLayoutConstraint+MASDebugAdditions.h"; sourceTree = "<group>"; };
		96E04CFF227F0AC0002DE8F2 /* MASCompositeConstraint.m */ = {isa = PBXFileReference; fileEncoding = 4; lastKnownFileType = sourcecode.c.objc; path = MASCompositeConstraint.m; sourceTree = "<group>"; };
		96E04D00227F0AC0002DE8F2 /* MASConstraintMaker.m */ = {isa = PBXFileReference; fileEncoding = 4; lastKnownFileType = sourcecode.c.objc; path = MASConstraintMaker.m; sourceTree = "<group>"; };
		96E04D01227F0AC0002DE8F2 /* MASLayoutConstraint.m */ = {isa = PBXFileReference; fileEncoding = 4; lastKnownFileType = sourcecode.c.objc; path = MASLayoutConstraint.m; sourceTree = "<group>"; };
		96E04D02227F0AC0002DE8F2 /* NSArray+MASAdditions.m */ = {isa = PBXFileReference; fileEncoding = 4; lastKnownFileType = sourcecode.c.objc; path = "NSArray+MASAdditions.m"; sourceTree = "<group>"; };
		96E04D03227F0AC0002DE8F2 /* View+MASAdditions.m */ = {isa = PBXFileReference; fileEncoding = 4; lastKnownFileType = sourcecode.c.objc; path = "View+MASAdditions.m"; sourceTree = "<group>"; };
		96E04D04227F0AC0002DE8F2 /* View+MASShorthandAdditions.h */ = {isa = PBXFileReference; fileEncoding = 4; lastKnownFileType = sourcecode.c.h; path = "View+MASShorthandAdditions.h"; sourceTree = "<group>"; };
		96E04D05227F0AC0002DE8F2 /* Masonry.h */ = {isa = PBXFileReference; fileEncoding = 4; lastKnownFileType = sourcecode.c.h; path = Masonry.h; sourceTree = "<group>"; };
		96E04D06227F0AC0002DE8F2 /* MASConstraint.m */ = {isa = PBXFileReference; fileEncoding = 4; lastKnownFileType = sourcecode.c.objc; path = MASConstraint.m; sourceTree = "<group>"; };
		96E04D07227F0AC0002DE8F2 /* ViewController+MASAdditions.h */ = {isa = PBXFileReference; fileEncoding = 4; lastKnownFileType = sourcecode.c.h; path = "ViewController+MASAdditions.h"; sourceTree = "<group>"; };
		96E04D08227F0AC0002DE8F2 /* MASViewConstraint.m */ = {isa = PBXFileReference; fileEncoding = 4; lastKnownFileType = sourcecode.c.objc; path = MASViewConstraint.m; sourceTree = "<group>"; };
		96E04D09227F0AC0002DE8F2 /* MASViewAttribute.m */ = {isa = PBXFileReference; fileEncoding = 4; lastKnownFileType = sourcecode.c.objc; path = MASViewAttribute.m; sourceTree = "<group>"; };
		96E04D16227F0CF9002DE8F2 /* SMAlertView.h */ = {isa = PBXFileReference; fileEncoding = 4; lastKnownFileType = sourcecode.c.h; path = SMAlertView.h; sourceTree = "<group>"; };
		96E04D17227F0CF9002DE8F2 /* SMTableViewCell.m */ = {isa = PBXFileReference; fileEncoding = 4; lastKnownFileType = sourcecode.c.objc; path = SMTableViewCell.m; sourceTree = "<group>"; };
		96E04D18227F0CF9002DE8F2 /* SMButton.h */ = {isa = PBXFileReference; fileEncoding = 4; lastKnownFileType = sourcecode.c.h; path = SMButton.h; sourceTree = "<group>"; };
		96E04D19227F0CF9002DE8F2 /* SMTableViewHeaderView.m */ = {isa = PBXFileReference; fileEncoding = 4; lastKnownFileType = sourcecode.c.objc; path = SMTableViewHeaderView.m; sourceTree = "<group>"; };
		96E04D1A227F0CF9002DE8F2 /* SMAlertView.m */ = {isa = PBXFileReference; fileEncoding = 4; lastKnownFileType = sourcecode.c.objc; path = SMAlertView.m; sourceTree = "<group>"; };
		96E04D1B227F0CF9002DE8F2 /* SMTableViewCell.h */ = {isa = PBXFileReference; fileEncoding = 4; lastKnownFileType = sourcecode.c.h; path = SMTableViewCell.h; sourceTree = "<group>"; };
		96E04D1C227F0CF9002DE8F2 /* SMTableViewHeaderView.h */ = {isa = PBXFileReference; fileEncoding = 4; lastKnownFileType = sourcecode.c.h; path = SMTableViewHeaderView.h; sourceTree = "<group>"; };
		96E04D1D227F0CF9002DE8F2 /* SMButton.m */ = {isa = PBXFileReference; fileEncoding = 4; lastKnownFileType = sourcecode.c.objc; path = SMButton.m; sourceTree = "<group>"; };
		96E04D23227F1400002DE8F2 /* UIView+Extention.m */ = {isa = PBXFileReference; fileEncoding = 4; lastKnownFileType = sourcecode.c.objc; path = "UIView+Extention.m"; sourceTree = "<group>"; };
		96E04D24227F1400002DE8F2 /* UIView+Extention.h */ = {isa = PBXFileReference; fileEncoding = 4; lastKnownFileType = sourcecode.c.h; path = "UIView+Extention.h"; sourceTree = "<group>"; };
		96E04D27227F1431002DE8F2 /* HMHomeManager+Share.h */ = {isa = PBXFileReference; fileEncoding = 4; lastKnownFileType = sourcecode.c.h; name = "HMHomeManager+Share.h"; path = "SMAPP/Category/HMHomeManager+Share.h"; sourceTree = SOURCE_ROOT; };
		96E04D28227F1431002DE8F2 /* HMHomeManager+Share.m */ = {isa = PBXFileReference; fileEncoding = 4; lastKnownFileType = sourcecode.c.objc; name = "HMHomeManager+Share.m"; path = "SMAPP/Category/HMHomeManager+Share.m"; sourceTree = SOURCE_ROOT; };
		96E04D2A227F1468002DE8F2 /* SMAddAccessoryViewController.h */ = {isa = PBXFileReference; fileEncoding = 4; lastKnownFileType = sourcecode.c.h; path = SMAddAccessoryViewController.h; sourceTree = "<group>"; };
		96E04D2B227F1468002DE8F2 /* SMServiceViewController.h */ = {isa = PBXFileReference; fileEncoding = 4; lastKnownFileType = sourcecode.c.h; path = SMServiceViewController.h; sourceTree = "<group>"; };
		96E04D2E227F1468002DE8F2 /* SMAccessoryDetailViewController.h */ = {isa = PBXFileReference; fileEncoding = 4; lastKnownFileType = sourcecode.c.h; path = SMAccessoryDetailViewController.h; sourceTree = "<group>"; };
		96E04D2F227F1468002DE8F2 /* SMAddAccessoryViewController.m */ = {isa = PBXFileReference; fileEncoding = 4; lastKnownFileType = sourcecode.c.objc; path = SMAddAccessoryViewController.m; sourceTree = "<group>"; };
		96E04D31227F1468002DE8F2 /* SMServiceViewController.m */ = {isa = PBXFileReference; fileEncoding = 4; lastKnownFileType = sourcecode.c.objc; path = SMServiceViewController.m; sourceTree = "<group>"; };
		96E04D32227F1468002DE8F2 /* SMAccessoryDetailViewController.m */ = {isa = PBXFileReference; fileEncoding = 4; lastKnownFileType = sourcecode.c.objc; path = SMAccessoryDetailViewController.m; sourceTree = "<group>"; };
		96E04D33227F1468002DE8F2 /* SMHomeViewController.h */ = {isa = PBXFileReference; fileEncoding = 4; lastKnownFileType = sourcecode.c.h; path = SMHomeViewController.h; sourceTree = "<group>"; };
		96E04D35227F1468002DE8F2 /* SMHomeViewController.m */ = {isa = PBXFileReference; fileEncoding = 4; lastKnownFileType = sourcecode.c.objc; path = SMHomeViewController.m; sourceTree = "<group>"; };
		96E04D3C227F28F3002DE8F2 /* SMNotificationViewController.h */ = {isa = PBXFileReference; lastKnownFileType = sourcecode.c.h; path = SMNotificationViewController.h; sourceTree = "<group>"; };
		96E04D3D227F28F3002DE8F2 /* SMNotificationViewController.m */ = {isa = PBXFileReference; lastKnownFileType = sourcecode.c.objc; path = SMNotificationViewController.m; sourceTree = "<group>"; };
		96E04D3F227F28FF002DE8F2 /* SMSettingViewController.h */ = {isa = PBXFileReference; lastKnownFileType = sourcecode.c.h; path = SMSettingViewController.h; sourceTree = "<group>"; };
		96E04D40227F28FF002DE8F2 /* SMSettingViewController.m */ = {isa = PBXFileReference; lastKnownFileType = sourcecode.c.objc; path = SMSettingViewController.m; sourceTree = "<group>"; };
/* End PBXFileReference section */

/* Begin PBXFrameworksBuildPhase section */
		96AD76A222631659003A0D2A /* Frameworks */ = {
			isa = PBXFrameworksBuildPhase;
			buildActionMask = 2147483647;
			files = (
				96AD76C0226317D3003A0D2A /* HomeKit.framework in Frameworks */,
			);
			runOnlyForDeploymentPostprocessing = 0;
		};
/* End PBXFrameworksBuildPhase section */

/* Begin PBXGroup section */
		96AD769C22631659003A0D2A = {
			isa = PBXGroup;
			children = (
				96AD76A722631659003A0D2A /* SMAPP */,
				96AD76A622631659003A0D2A /* Products */,
				96AD76BE226317D3003A0D2A /* Frameworks */,
			);
			sourceTree = "<group>";
		};
		96AD76A622631659003A0D2A /* Products */ = {
			isa = PBXGroup;
			children = (
				96AD76A522631659003A0D2A /* SMAPP.app */,
			);
			name = Products;
			sourceTree = "<group>";
		};
		96AD76A722631659003A0D2A /* SMAPP */ = {
			isa = PBXGroup;
			children = (
				96E04D26227F1419002DE8F2 /* Controller */,
				96E04D15227F0CF9002DE8F2 /* View */,
				96E04D22227F13E6002DE8F2 /* Category */,
				96E04CEF227F0A9C002DE8F2 /* Lib */,
				96AD772E22671304003A0D2A /* Fonts */,
				96AD76A822631659003A0D2A /* AppDelegate.h */,
				96AD76A922631659003A0D2A /* AppDelegate.m */,
				96AD771622657316003A0D2A /* Const.h */,
				96AD76B72263165C003A0D2A /* main.m */,
				96AD76B12263165C003A0D2A /* Assets.xcassets */,
				96AD76B32263165C003A0D2A /* LaunchScreen.storyboard */,
				96AD76B62263165C003A0D2A /* Info.plist */,
				96AD76C1226317D3003A0D2A /* SMAPP.entitlements */,
			);
			path = SMAPP;
			sourceTree = "<group>";
		};
		96AD76BE226317D3003A0D2A /* Frameworks */ = {
			isa = PBXGroup;
			children = (
				96AD76BF226317D3003A0D2A /* HomeKit.framework */,
			);
			name = Frameworks;
			sourceTree = "<group>";
		};
		96AD772E22671304003A0D2A /* Fonts */ = {
			isa = PBXGroup;
			children = (
				96AD773922671BE0003A0D2A /* Nunito-Regular.ttf */,
				96AD773722671BE0003A0D2A /* Nunito-Italic.ttf */,
				96AD773822671BE0003A0D2A /* Nunito-Bold.ttf */,
				96AD773122671304003A0D2A /* GOTHIC.TTF */,
				96AD773222671304003A0D2A /* GOTHICI.TTF */,
				96AD773022671304003A0D2A /* GOTHICB.TTF */,
			);
			path = Fonts;
			sourceTree = "<group>";
		};
		96E04CEF227F0A9C002DE8F2 /* Lib */ = {
			isa = PBXGroup;
			children = (
				96E04CF0227F0AC0002DE8F2 /* Masonry */,
			);
			path = Lib;
			sourceTree = "<group>";
		};
		96E04CF0227F0AC0002DE8F2 /* Masonry */ = {
			isa = PBXGroup;
			children = (
				96E04CF1227F0AC0002DE8F2 /* MASCompositeConstraint.h */,
				96E04CF2227F0AC0002DE8F2 /* NSLayoutConstraint+MASDebugAdditions.m */,
				96E04CF3227F0AC0002DE8F2 /* MASConstraint+Private.h */,
				96E04CF4227F0AC0002DE8F2 /* MASLayoutConstraint.h */,
				96E04CF5227F0AC0002DE8F2 /* NSArray+MASShorthandAdditions.h */,
				96E04CF6227F0AC0002DE8F2 /* MASConstraintMaker.h */,
				96E04CF7227F0AC0002DE8F2 /* View+MASAdditions.h */,
				96E04CF8227F0AC0002DE8F2 /* NSArray+MASAdditions.h */,
				96E04CF9227F0AC0002DE8F2 /* MASUtilities.h */,
				96E04CFA227F0AC0002DE8F2 /* MASViewAttribute.h */,
				96E04CFB227F0AC0002DE8F2 /* ViewController+MASAdditions.m */,
				96E04CFC227F0AC0002DE8F2 /* MASViewConstraint.h */,
				96E04CFD227F0AC0002DE8F2 /* MASConstraint.h */,
				96E04CFE227F0AC0002DE8F2 /* NSLayoutConstraint+MASDebugAdditions.h */,
				96E04CFF227F0AC0002DE8F2 /* MASCompositeConstraint.m */,
				96E04D00227F0AC0002DE8F2 /* MASConstraintMaker.m */,
				96E04D01227F0AC0002DE8F2 /* MASLayoutConstraint.m */,
				96E04D02227F0AC0002DE8F2 /* NSArray+MASAdditions.m */,
				96E04D03227F0AC0002DE8F2 /* View+MASAdditions.m */,
				96E04D04227F0AC0002DE8F2 /* View+MASShorthandAdditions.h */,
				96E04D05227F0AC0002DE8F2 /* Masonry.h */,
				96E04D06227F0AC0002DE8F2 /* MASConstraint.m */,
				96E04D07227F0AC0002DE8F2 /* ViewController+MASAdditions.h */,
				96E04D08227F0AC0002DE8F2 /* MASViewConstraint.m */,
				96E04D09227F0AC0002DE8F2 /* MASViewAttribute.m */,
			);
			path = Masonry;
			sourceTree = "<group>";
		};
		96E04D15227F0CF9002DE8F2 /* View */ = {
			isa = PBXGroup;
			children = (
				96E04D16227F0CF9002DE8F2 /* SMAlertView.h */,
				96E04D1A227F0CF9002DE8F2 /* SMAlertView.m */,
				96E04D1C227F0CF9002DE8F2 /* SMTableViewHeaderView.h */,
				96E04D19227F0CF9002DE8F2 /* SMTableViewHeaderView.m */,
				96E04D1B227F0CF9002DE8F2 /* SMTableViewCell.h */,
				96E04D17227F0CF9002DE8F2 /* SMTableViewCell.m */,
				96E04D18227F0CF9002DE8F2 /* SMButton.h */,
				96E04D1D227F0CF9002DE8F2 /* SMButton.m */,
				96B47DF52281B9EC00AFAF32 /* SMCollectionViewCell.h */,
				96B47DF62281B9EC00AFAF32 /* SMCollectionViewCell.m */,
			);
			path = View;
			sourceTree = "<group>";
		};
		96E04D22227F13E6002DE8F2 /* Category */ = {
			isa = PBXGroup;
			children = (
				96E04D27227F1431002DE8F2 /* HMHomeManager+Share.h */,
				96E04D28227F1431002DE8F2 /* HMHomeManager+Share.m */,
				96E04D24227F1400002DE8F2 /* UIView+Extention.h */,
				96E04D23227F1400002DE8F2 /* UIView+Extention.m */,
			);
			path = Category;
			sourceTree = "<group>";
		};
		96E04D26227F1419002DE8F2 /* Controller */ = {
			isa = PBXGroup;
			children = (
				96E04D33227F1468002DE8F2 /* SMHomeViewController.h */,
				96E04D35227F1468002DE8F2 /* SMHomeViewController.m */,
				96E04D2A227F1468002DE8F2 /* SMAddAccessoryViewController.h */,
				96E04D2F227F1468002DE8F2 /* SMAddAccessoryViewController.m */,
				96E04D2E227F1468002DE8F2 /* SMAccessoryDetailViewController.h */,
				96E04D32227F1468002DE8F2 /* SMAccessoryDetailViewController.m */,
				96E04D2B227F1468002DE8F2 /* SMServiceViewController.h */,
				96E04D31227F1468002DE8F2 /* SMServiceViewController.m */,
				96E04D3C227F28F3002DE8F2 /* SMNotificationViewController.h */,
				96E04D3D227F28F3002DE8F2 /* SMNotificationViewController.m */,
				96E04D3F227F28FF002DE8F2 /* SMSettingViewController.h */,
				96E04D40227F28FF002DE8F2 /* SMSettingViewController.m */,
			);
			path = Controller;
			sourceTree = "<group>";
		};
/* End PBXGroup section */

/* Begin PBXNativeTarget section */
		96AD76A422631659003A0D2A /* SMAPP */ = {
			isa = PBXNativeTarget;
			buildConfigurationList = 96AD76BB2263165C003A0D2A /* Build configuration list for PBXNativeTarget "SMAPP" */;
			buildPhases = (
				96AD76A122631659003A0D2A /* Sources */,
				96AD76A222631659003A0D2A /* Frameworks */,
				96AD76A322631659003A0D2A /* Resources */,
			);
			buildRules = (
			);
			dependencies = (
			);
			name = SMAPP;
			productName = SMAPP;
			productReference = 96AD76A522631659003A0D2A /* SMAPP.app */;
			productType = "com.apple.product-type.application";
		};
/* End PBXNativeTarget section */

/* Begin PBXProject section */
		96AD769D22631659003A0D2A /* Project object */ = {
			isa = PBXProject;
			attributes = {
				LastUpgradeCheck = 1020;
				ORGANIZATIONNAME = RXP;
				TargetAttributes = {
					96AD76A422631659003A0D2A = {
						CreatedOnToolsVersion = 10.2;
						SystemCapabilities = {
							com.apple.HomeKit = {
								enabled = 1;
							};
						};
					};
				};
			};
			buildConfigurationList = 96AD76A022631659003A0D2A /* Build configuration list for PBXProject "SMAPP" */;
			compatibilityVersion = "Xcode 9.3";
			developmentRegion = en;
			hasScannedForEncodings = 0;
			knownRegions = (
				en,
				Base,
			);
			mainGroup = 96AD769C22631659003A0D2A;
			productRefGroup = 96AD76A622631659003A0D2A /* Products */;
			projectDirPath = "";
			projectRoot = "";
			targets = (
				96AD76A422631659003A0D2A /* SMAPP */,
			);
		};
/* End PBXProject section */

/* Begin PBXResourcesBuildPhase section */
		96AD76A322631659003A0D2A /* Resources */ = {
			isa = PBXResourcesBuildPhase;
			buildActionMask = 2147483647;
			files = (
				96AD773B22671BE0003A0D2A /* Nunito-Bold.ttf in Resources */,
				96AD76B52263165C003A0D2A /* LaunchScreen.storyboard in Resources */,
				96AD773C22671BE0003A0D2A /* Nunito-Regular.ttf in Resources */,
				96AD773A22671BE0003A0D2A /* Nunito-Italic.ttf in Resources */,
				96AD773622671305003A0D2A /* GOTHICI.TTF in Resources */,
				96AD773522671305003A0D2A /* GOTHIC.TTF in Resources */,
				96AD76B22263165C003A0D2A /* Assets.xcassets in Resources */,
				96AD773422671305003A0D2A /* GOTHICB.TTF in Resources */,
			);
			runOnlyForDeploymentPostprocessing = 0;
		};
/* End PBXResourcesBuildPhase section */

/* Begin PBXSourcesBuildPhase section */
		96AD76A122631659003A0D2A /* Sources */ = {
			isa = PBXSourcesBuildPhase;
			buildActionMask = 2147483647;
			files = (
				96E04D0B227F0AC0002DE8F2 /* ViewController+MASAdditions.m in Sources */,
				96E04D13227F0AC0002DE8F2 /* MASViewAttribute.m in Sources */,
				96E04D3E227F28F3002DE8F2 /* SMNotificationViewController.m in Sources */,
				96E04D0E227F0AC0002DE8F2 /* MASLayoutConstraint.m in Sources */,
				96B47DF72281B9EC00AFAF32 /* SMCollectionViewCell.m in Sources */,
				96E04D1F227F0CF9002DE8F2 /* SMTableViewHeaderView.m in Sources */,
				96E04D0D227F0AC0002DE8F2 /* MASConstraintMaker.m in Sources */,
				96E04D29227F1431002DE8F2 /* HMHomeManager+Share.m in Sources */,
				96E04D25227F1400002DE8F2 /* UIView+Extention.m in Sources */,
				96E04D12227F0AC0002DE8F2 /* MASViewConstraint.m in Sources */,
				96E04D0A227F0AC0002DE8F2 /* NSLayoutConstraint+MASDebugAdditions.m in Sources */,
				96E04D3A227F1468002DE8F2 /* SMAccessoryDetailViewController.m in Sources */,
				96E04D0F227F0AC0002DE8F2 /* NSArray+MASAdditions.m in Sources */,
				96E04D0C227F0AC0002DE8F2 /* MASCompositeConstraint.m in Sources */,
				96E04D1E227F0CF9002DE8F2 /* SMTableViewCell.m in Sources */,
				96E04D37227F1468002DE8F2 /* SMAddAccessoryViewController.m in Sources */,
				96E04D11227F0AC0002DE8F2 /* MASConstraint.m in Sources */,
				96E04D21227F0CF9002DE8F2 /* SMButton.m in Sources */,
				96E04D41227F28FF002DE8F2 /* SMSettingViewController.m in Sources */,
				96E04D3B227F1468002DE8F2 /* SMHomeViewController.m in Sources */,
				96AD76B82263165C003A0D2A /* main.m in Sources */,
				96E04D20227F0CF9002DE8F2 /* SMAlertView.m in Sources */,
				96AD76AA22631659003A0D2A /* AppDelegate.m in Sources */,
				96E04D39227F1468002DE8F2 /* SMServiceViewController.m in Sources */,
				96E04D10227F0AC0002DE8F2 /* View+MASAdditions.m in Sources */,
			);
			runOnlyForDeploymentPostprocessing = 0;
		};
/* End PBXSourcesBuildPhase section */

/* Begin PBXVariantGroup section */
		96AD76B32263165C003A0D2A /* LaunchScreen.storyboard */ = {
			isa = PBXVariantGroup;
			children = (
				96AD76B42263165C003A0D2A /* Base */,
			);
			name = LaunchScreen.storyboard;
			sourceTree = "<group>";
		};
/* End PBXVariantGroup section */

/* Begin XCBuildConfiguration section */
		96AD76B92263165C003A0D2A /* Debug */ = {
			isa = XCBuildConfiguration;
			buildSettings = {
				ALWAYS_SEARCH_USER_PATHS = NO;
				CLANG_ANALYZER_NONNULL = YES;
				CLANG_ANALYZER_NUMBER_OBJECT_CONVERSION = YES_AGGRESSIVE;
				CLANG_CXX_LANGUAGE_STANDARD = "gnu++14";
				CLANG_CXX_LIBRARY = "libc++";
				CLANG_ENABLE_MODULES = YES;
				CLANG_ENABLE_OBJC_ARC = YES;
				CLANG_ENABLE_OBJC_WEAK = YES;
				CLANG_WARN_BLOCK_CAPTURE_AUTORELEASING = YES;
				CLANG_WARN_BOOL_CONVERSION = YES;
				CLANG_WARN_COMMA = YES;
				CLANG_WARN_CONSTANT_CONVERSION = YES;
				CLANG_WARN_DEPRECATED_OBJC_IMPLEMENTATIONS = YES;
				CLANG_WARN_DIRECT_OBJC_ISA_USAGE = YES_ERROR;
				CLANG_WARN_DOCUMENTATION_COMMENTS = YES;
				CLANG_WARN_EMPTY_BODY = YES;
				CLANG_WARN_ENUM_CONVERSION = YES;
				CLANG_WARN_INFINITE_RECURSION = YES;
				CLANG_WARN_INT_CONVERSION = YES;
				CLANG_WARN_NON_LITERAL_NULL_CONVERSION = YES;
				CLANG_WARN_OBJC_IMPLICIT_RETAIN_SELF = YES;
				CLANG_WARN_OBJC_LITERAL_CONVERSION = YES;
				CLANG_WARN_OBJC_ROOT_CLASS = YES_ERROR;
				CLANG_WARN_RANGE_LOOP_ANALYSIS = YES;
				CLANG_WARN_STRICT_PROTOTYPES = YES;
				CLANG_WARN_SUSPICIOUS_MOVE = YES;
				CLANG_WARN_UNGUARDED_AVAILABILITY = YES_AGGRESSIVE;
				CLANG_WARN_UNREACHABLE_CODE = YES;
				CLANG_WARN__DUPLICATE_METHOD_MATCH = YES;
				CODE_SIGN_IDENTITY = "iPhone Developer";
				COPY_PHASE_STRIP = NO;
				DEBUG_INFORMATION_FORMAT = dwarf;
				ENABLE_STRICT_OBJC_MSGSEND = YES;
				ENABLE_TESTABILITY = YES;
				GCC_C_LANGUAGE_STANDARD = gnu11;
				GCC_DYNAMIC_NO_PIC = NO;
				GCC_NO_COMMON_BLOCKS = YES;
				GCC_OPTIMIZATION_LEVEL = 0;
				GCC_PREPROCESSOR_DEFINITIONS = (
					"DEBUG=1",
					"$(inherited)",
				);
				GCC_WARN_64_TO_32_BIT_CONVERSION = YES;
				GCC_WARN_ABOUT_RETURN_TYPE = YES_ERROR;
				GCC_WARN_UNDECLARED_SELECTOR = YES;
				GCC_WARN_UNINITIALIZED_AUTOS = YES_AGGRESSIVE;
				GCC_WARN_UNUSED_FUNCTION = YES;
				GCC_WARN_UNUSED_VARIABLE = YES;
				IPHONEOS_DEPLOYMENT_TARGET = 12.2;
				MTL_ENABLE_DEBUG_INFO = INCLUDE_SOURCE;
				MTL_FAST_MATH = YES;
				ONLY_ACTIVE_ARCH = YES;
				SDKROOT = iphoneos;
			};
			name = Debug;
		};
		96AD76BA2263165C003A0D2A /* Release */ = {
			isa = XCBuildConfiguration;
			buildSettings = {
				ALWAYS_SEARCH_USER_PATHS = NO;
				CLANG_ANALYZER_NONNULL = YES;
				CLANG_ANALYZER_NUMBER_OBJECT_CONVERSION = YES_AGGRESSIVE;
				CLANG_CXX_LANGUAGE_STANDARD = "gnu++14";
				CLANG_CXX_LIBRARY = "libc++";
				CLANG_ENABLE_MODULES = YES;
				CLANG_ENABLE_OBJC_ARC = YES;
				CLANG_ENABLE_OBJC_WEAK = YES;
				CLANG_WARN_BLOCK_CAPTURE_AUTORELEASING = YES;
				CLANG_WARN_BOOL_CONVERSION = YES;
				CLANG_WARN_COMMA = YES;
				CLANG_WARN_CONSTANT_CONVERSION = YES;
				CLANG_WARN_DEPRECATED_OBJC_IMPLEMENTATIONS = YES;
				CLANG_WARN_DIRECT_OBJC_ISA_USAGE = YES_ERROR;
				CLANG_WARN_DOCUMENTATION_COMMENTS = YES;
				CLANG_WARN_EMPTY_BODY = YES;
				CLANG_WARN_ENUM_CONVERSION = YES;
				CLANG_WARN_INFINITE_RECURSION = YES;
				CLANG_WARN_INT_CONVERSION = YES;
				CLANG_WARN_NON_LITERAL_NULL_CONVERSION = YES;
				CLANG_WARN_OBJC_IMPLICIT_RETAIN_SELF = YES;
				CLANG_WARN_OBJC_LITERAL_CONVERSION = YES;
				CLANG_WARN_OBJC_ROOT_CLASS = YES_ERROR;
				CLANG_WARN_RANGE_LOOP_ANALYSIS = YES;
				CLANG_WARN_STRICT_PROTOTYPES = YES;
				CLANG_WARN_SUSPICIOUS_MOVE = YES;
				CLANG_WARN_UNGUARDED_AVAILABILITY = YES_AGGRESSIVE;
				CLANG_WARN_UNREACHABLE_CODE = YES;
				CLANG_WARN__DUPLICATE_METHOD_MATCH = YES;
				CODE_SIGN_IDENTITY = "iPhone Developer";
				COPY_PHASE_STRIP = NO;
				DEBUG_INFORMATION_FORMAT = "dwarf-with-dsym";
				ENABLE_NS_ASSERTIONS = NO;
				ENABLE_STRICT_OBJC_MSGSEND = YES;
				GCC_C_LANGUAGE_STANDARD = gnu11;
				GCC_NO_COMMON_BLOCKS = YES;
				GCC_WARN_64_TO_32_BIT_CONVERSION = YES;
				GCC_WARN_ABOUT_RETURN_TYPE = YES_ERROR;
				GCC_WARN_UNDECLARED_SELECTOR = YES;
				GCC_WARN_UNINITIALIZED_AUTOS = YES_AGGRESSIVE;
				GCC_WARN_UNUSED_FUNCTION = YES;
				GCC_WARN_UNUSED_VARIABLE = YES;
				IPHONEOS_DEPLOYMENT_TARGET = 12.2;
				MTL_ENABLE_DEBUG_INFO = NO;
				MTL_FAST_MATH = YES;
				SDKROOT = iphoneos;
				VALIDATE_PRODUCT = YES;
			};
			name = Release;
		};
		96AD76BC2263165C003A0D2A /* Debug */ = {
			isa = XCBuildConfiguration;
			buildSettings = {
				ASSETCATALOG_COMPILER_APPICON_NAME = AppIcon;
				CODE_SIGN_ENTITLEMENTS = SMAPP/SMAPP.entitlements;
				CODE_SIGN_STYLE = Automatic;
				DEVELOPMENT_TEAM = 6MZW7C8429;
				INFOPLIST_FILE = SMAPP/Info.plist;
				IPHONEOS_DEPLOYMENT_TARGET = 12;
				LD_RUNPATH_SEARCH_PATHS = (
					"$(inherited)",
					"@executable_path/Frameworks",
				);
				PRODUCT_BUNDLE_IDENTIFIER = rxpservices.com.SMAPP;
				PRODUCT_NAME = "$(TARGET_NAME)";
				TARGETED_DEVICE_FAMILY = "1,2";
			};
			name = Debug;
		};
		96AD76BD2263165C003A0D2A /* Release */ = {
			isa = XCBuildConfiguration;
			buildSettings = {
				ASSETCATALOG_COMPILER_APPICON_NAME = AppIcon;
				CODE_SIGN_ENTITLEMENTS = SMAPP/SMAPP.entitlements;
				CODE_SIGN_STYLE = Automatic;
				DEVELOPMENT_TEAM = 6MZW7C8429;
				INFOPLIST_FILE = SMAPP/Info.plist;
				IPHONEOS_DEPLOYMENT_TARGET = 12;
				LD_RUNPATH_SEARCH_PATHS = (
					"$(inherited)",
					"@executable_path/Frameworks",
				);
				PRODUCT_BUNDLE_IDENTIFIER = rxpservices.com.SMAPP;
				PRODUCT_NAME = "$(TARGET_NAME)";
				TARGETED_DEVICE_FAMILY = "1,2";
			};
			name = Release;
		};
/* End XCBuildConfiguration section */

/* Begin XCConfigurationList section */
		96AD76A022631659003A0D2A /* Build configuration list for PBXProject "SMAPP" */ = {
			isa = XCConfigurationList;
			buildConfigurations = (
				96AD76B92263165C003A0D2A /* Debug */,
				96AD76BA2263165C003A0D2A /* Release */,
			);
			defaultConfigurationIsVisible = 0;
			defaultConfigurationName = Release;
		};
		96AD76BB2263165C003A0D2A /* Build configuration list for PBXNativeTarget "SMAPP" */ = {
			isa = XCConfigurationList;
			buildConfigurations = (
				96AD76BC2263165C003A0D2A /* Debug */,
				96AD76BD2263165C003A0D2A /* Release */,
			);
			defaultConfigurationIsVisible = 0;
			defaultConfigurationName = Release;
		};
/* End XCConfigurationList section */
	};
	rootObject = 96AD769D22631659003A0D2A /* Project object */;
}
